dependencies:
- name: postgresql
  repository: https://charts.bitnami.com/bitnami
  version: 18.7.9
- name: common
  repository: https://charts.bitnami.com/bitnami
  version: 2.41.0
digest: sha256:cc184f81a95d14848b3d5516d3fa72dba06b175461226b79b0e17b80d0d37007
generated: "2026-06-30T03:05:23.157454947Z"
