dependencies:
- name: postgresql
  repository: https://charts.bitnami.com/bitnami
  version: 13.4.2
- name: common
  repository: https://charts.bitnami.com/bitnami
  version: 2.14.1
digest: sha256:be4b98e01920dc7d20ba86999e5e5cca72aabb826e744cd77079d4771004f5fb
generated: "2024-01-28T08:37:57.114888378Z"
